
Microsoft Visual Studio Solution File, Format Version 12.00
# Visual Studio Version 17
VisualStudioVersion = 17.8.34525.116
MinimumVisualStudioVersion = 10.0.40219.1
Project("{FAE04EC0-301F-11D3-BF4B-00C04F79EFBC}") = "KargoOdemeSimülasyon", "KargoOdemeSimülasyon\KargoOdemeSimülasyon.csproj", "{D33FE489-7B5F-4D8A-B3E7-264FD06BA214}"
EndProject
Global
	GlobalSection(SolutionConfigurationPlatforms) = preSolution
		Debug|Any CPU = Debug|Any CPU
		Release|Any CPU = Release|Any CPU
	EndGlobalSection
	GlobalSection(ProjectConfigurationPlatforms) = postSolution
		{D33FE489-7B5F-4D8A-B3E7-264FD06BA214}.Debug|Any CPU.ActiveCfg = Debug|Any CPU
		{D33FE489-7B5F-4D8A-B3E7-264FD06BA214}.Debug|Any CPU.Build.0 = Debug|Any CPU
		{D33FE489-7B5F-4D8A-B3E7-264FD06BA214}.Release|Any CPU.ActiveCfg = Release|Any CPU
		{D33FE489-7B5F-4D8A-B3E7-264FD06BA214}.Release|Any CPU.Build.0 = Release|Any CPU
	EndGlobalSection
	GlobalSection(SolutionProperties) = preSolution
		HideSolutionNode = FALSE
	EndGlobalSection
	GlobalSection(ExtensibilityGlobals) = postSolution
		SolutionGuid = {4A74D7E5-0D30-49DF-B5FB-56BDBAFE6A35}
	EndGlobalSection
EndGlobal
